
Microsoft Visual Studio Solution File, Format Version 12.00
# Visual Studio Version 17
VisualStudioVersion = 17.0.32112.339
MinimumVisualStudioVersion = 10.0.40219.1
Project("{FAE04EC0-301F-11D3-BF4B-00C04F79EFBC}") = "DigitalClock", "DigitalClock\DigitalClock.csproj", "{0A093D5B-410B-45DB-872C-45036062F73A}"
EndProject
Global
	GlobalSection(SolutionConfigurationPlatforms) = preSolution
		Debug|Any CPU = Debug|Any CPU
		Release|Any CPU = Release|Any CPU
	EndGlobalSection
	GlobalSection(ProjectConfigurationPlatforms) = postSolution
		{0A093D5B-410B-45DB-872C-45036062F73A}.Debug|Any CPU.ActiveCfg = Debug|Any CPU
		{0A093D5B-410B-45DB-872C-45036062F73A}.Debug|Any CPU.Build.0 = Debug|Any CPU
		{0A093D5B-410B-45DB-872C-45036062F73A}.Release|Any CPU.ActiveCfg = Release|Any CPU
		{0A093D5B-410B-45DB-872C-45036062F73A}.Release|Any CPU.Build.0 = Release|Any CPU
	EndGlobalSection
	GlobalSection(SolutionProperties) = preSolution
		HideSolutionNode = FALSE
	EndGlobalSection
	GlobalSection(ExtensibilityGlobals) = postSolution
		SolutionGuid = {26573ACE-3985-48FD-862D-CE6A5C23F9A7}
	EndGlobalSection
EndGlobal
